
Microsoft Visual Studio Solution File, Format Version 12.00
# Visual Studio 15
VisualStudioVersion = 15.0.27130.2010
MinimumVisualStudioVersion = 10.0.40219.1
Project("{9A19103F-16F7-4668-BE54-9A1E7A4F7556}") = "Twitter", "Twitter\Twitter.csproj", "{923F0AEE-5924-4480-94BB-F1CD58CB5944}"
EndProject
Global
	GlobalSection(SolutionConfigurationPlatforms) = preSolution
		Debug|Any CPU = Debug|Any CPU
		Debug|x64 = Debug|x64
		Release|Any CPU = Release|Any CPU
		Release|x64 = Release|x64
	EndGlobalSection
	GlobalSection(ProjectConfigurationPlatforms) = postSolution
		{923F0AEE-5924-4480-94BB-F1CD58CB5944}.Debug|Any CPU.ActiveCfg = Debug|Any CPU
		{923F0AEE-5924-4480-94BB-F1CD58CB5944}.Debug|Any CPU.Build.0 = Debug|Any CPU
		{923F0AEE-5924-4480-94BB-F1CD58CB5944}.Debug|x64.ActiveCfg = Debug|x64
		{923F0AEE-5924-4480-94BB-F1CD58CB5944}.Debug|x64.Build.0 = Debug|x64
		{923F0AEE-5924-4480-94BB-F1CD58CB5944}.Release|Any CPU.ActiveCfg = Release|Any CPU
		{923F0AEE-5924-4480-94BB-F1CD58CB5944}.Release|Any CPU.Build.0 = Release|Any CPU
		{923F0AEE-5924-4480-94BB-F1CD58CB5944}.Release|x64.ActiveCfg = Release|x64
		{923F0AEE-5924-4480-94BB-F1CD58CB5944}.Release|x64.Build.0 = Release|x64
	EndGlobalSection
	GlobalSection(SolutionProperties) = preSolution
		HideSolutionNode = FALSE
	EndGlobalSection
	GlobalSection(ExtensibilityGlobals) = postSolution
		SolutionGuid = {D37CF16B-E961-4F93-AD55-F31F84DE1A6C}
	EndGlobalSection
EndGlobal
